
Microsoft Visual Studio Solution File, Format Version 12.00
# Visual Studio Version 17
VisualStudioVersion = 17.5.33424.131
MinimumVisualStudioVersion = 10.0.40219.1
Project("{FAE04EC0-301F-11D3-BF4B-00C04F79EFBC}") = "13.Ödev", "13.Ödev\13.Ödev.csproj", "{057D7B41-E517-4922-8305-1313CF545410}"
EndProject
Global
	GlobalSection(SolutionConfigurationPlatforms) = preSolution
		Debug|Any CPU = Debug|Any CPU
		Release|Any CPU = Release|Any CPU
	EndGlobalSection
	GlobalSection(ProjectConfigurationPlatforms) = postSolution
		{057D7B41-E517-4922-8305-1313CF545410}.Debug|Any CPU.ActiveCfg = Debug|Any CPU
		{057D7B41-E517-4922-8305-1313CF545410}.Debug|Any CPU.Build.0 = Debug|Any CPU
		{057D7B41-E517-4922-8305-1313CF545410}.Release|Any CPU.ActiveCfg = Release|Any CPU
		{057D7B41-E517-4922-8305-1313CF545410}.Release|Any CPU.Build.0 = Release|Any CPU
	EndGlobalSection
	GlobalSection(SolutionProperties) = preSolution
		HideSolutionNode = FALSE
	EndGlobalSection
	GlobalSection(ExtensibilityGlobals) = postSolution
		SolutionGuid = {F734A9B9-BA94-4FF0-97D2-2FE637691F13}
	EndGlobalSection
EndGlobal
